// !$*UTF8*$!
{
	archiveVersion = 1;
	classes = {
	};
	objectVersion = 46;
	objects = {

/* Begin PBXBuildFile section */
		8605D7311B3A709400FFA88B /* AppDelegate.swift in Sources */ = {isa = PBXBuildFile; fileRef = 8605D7301B3A709400FFA88B /* AppDelegate.swift */; };
		8605D7361B3A709400FFA88B /* Main.storyboard in Resources */ = {isa = PBXBuildFile; fileRef = 8605D7341B3A709400FFA88B /* Main.storyboard */; };
		8605D7381B3A709400FFA88B /* Images.xcassets in Resources */ = {isa = PBXBuildFile; fileRef = 8605D7371B3A709400FFA88B /* Images.xcassets */; };
		8605D73B1B3A709400FFA88B /* LaunchScreen.xib in Resources */ = {isa = PBXBuildFile; fileRef = 8605D7391B3A709400FFA88B /* LaunchScreen.xib */; };
		8605D7471B3A709500FFA88B /* AKAsyncImagesTableCollection_SwiftTests.swift in Sources */ = {isa = PBXBuildFile; fileRef = 8605D7461B3A709500FFA88B /* AKAsyncImagesTableCollection_SwiftTests.swift */; };
		8605D75A1B3A710400FFA88B /* AKCollectionViewController.swift in Sources */ = {isa = PBXBuildFile; fileRef = 8605D7511B3A710400FFA88B /* AKCollectionViewController.swift */; };
		8605D75B1B3A710400FFA88B /* AKTableViewController.swift in Sources */ = {isa = PBXBuildFile; fileRef = 8605D7521B3A710400FFA88B /* AKTableViewController.swift */; };
		8605D75C1B3A710400FFA88B /* AKClient.swift in Sources */ = {isa = PBXBuildFile; fileRef = 8605D7551B3A710400FFA88B /* AKClient.swift */; };
		8605D75D1B3A710400FFA88B /* AKImagesCollectionViewCell.swift in Sources */ = {isa = PBXBuildFile; fileRef = 8605D7581B3A710400FFA88B /* AKImagesCollectionViewCell.swift */; };
		8605D75E1B3A710400FFA88B /* AKImagesTableViewCell.swift in Sources */ = {isa = PBXBuildFile; fileRef = 8605D7591B3A710400FFA88B /* AKImagesTableViewCell.swift */; };
/* End PBXBuildFile section */

/* Begin PBXContainerItemProxy section */
		8605D7411B3A709500FFA88B /* PBXContainerItemProxy */ = {
			isa = PBXContainerItemProxy;
			containerPortal = 8605D7231B3A709400FFA88B /* Project object */;
			proxyType = 1;
			remoteGlobalIDString = 8605D72A1B3A709400FFA88B;
			remoteInfo = "AKAsyncImagesTableCollection-Swift";
		};
/* End PBXContainerItemProxy section */

/* Begin PBXFileReference section */
		8605D72B1B3A709400FFA88B /* AKAsyncImagesTableCollection-Swift.app */ = {isa = PBXFileReference; explicitFileType = wrapper.application; includeInIndex = 0; path = "AKAsyncImagesTableCollection-Swift.app"; sourceTree = BUILT_PRODUCTS_DIR; };
		8605D72F1B3A709400FFA88B /* Info.plist */ = {isa = PBXFileReference; lastKnownFileType = text.plist.xml; path = Info.plist; sourceTree = "<group>"; };
		8605D7301B3A709400FFA88B /* AppDelegate.swift */ = {isa = PBXFileReference; lastKnownFileType = sourcecode.swift; path = AppDelegate.swift; sourceTree = "<group>"; };
		8605D7351B3A709400FFA88B /* Base */ = {isa = PBXFileReference; lastKnownFileType = file.storyboard; name = Base; path = Base.lproj/Main.storyboard; sourceTree = "<group>"; };
		8605D7371B3A709400FFA88B /* Images.xcassets */ = {isa = PBXFileReference; lastKnownFileType = folder.assetcatalog; path = Images.xcassets; sourceTree = "<group>"; };
		8605D73A1B3A709400FFA88B /* Base */ = {isa = PBXFileReference; lastKnownFileType = file.xib; name = Base; path = Base.lproj/LaunchScreen.xib; sourceTree = "<group>"; };
		8605D7401B3A709500FFA88B /* AKAsyncImagesTableCollection-SwiftTests.xctest */ = {isa = PBXFileReference; explicitFileType = wrapper.cfbundle; includeInIndex = 0; path = "AKAsyncImagesTableCollection-SwiftTests.xctest"; sourceTree = BUILT_PRODUCTS_DIR; };
		8605D7451B3A709500FFA88B /* Info.plist */ = {isa = PBXFileReference; lastKnownFileType = text.plist.xml; path = Info.plist; sourceTree = "<group>"; };
		8605D7461B3A709500FFA88B /* AKAsyncImagesTableCollection_SwiftTests.swift */ = {isa = PBXFileReference; lastKnownFileType = sourcecode.swift; path = AKAsyncImagesTableCollection_SwiftTests.swift; sourceTree = "<group>"; };
		8605D7511B3A710400FFA88B /* AKCollectionViewController.swift */ = {isa = PBXFileReference; fileEncoding = 4; lastKnownFileType = sourcecode.swift; path = AKCollectionViewController.swift; sourceTree = "<group>"; };
		8605D7521B3A710400FFA88B /* AKTableViewController.swift */ = {isa = PBXFileReference; fileEncoding = 4; lastKnownFileType = sourcecode.swift; path = AKTableViewController.swift; sourceTree = "<group>"; };
		8605D7551B3A710400FFA88B /* AKClient.swift */ = {isa = PBXFileReference; fileEncoding = 4; lastKnownFileType = sourcecode.swift; path = AKClient.swift; sourceTree = "<group>"; };
		8605D7581B3A710400FFA88B /* AKImagesCollectionViewCell.swift */ = {isa = PBXFileReference; fileEncoding = 4; lastKnownFileType = sourcecode.swift; path = AKImagesCollectionViewCell.swift; sourceTree = "<group>"; };
		8605D7591B3A710400FFA88B /* AKImagesTableViewCell.swift */ = {isa = PBXFileReference; fileEncoding = 4; lastKnownFileType = sourcecode.swift; path = AKImagesTableViewCell.swift; sourceTree = "<group>"; };
/* End PBXFileReference section */

/* Begin PBXFrameworksBuildPhase section */
		8605D7281B3A709400FFA88B /* Frameworks */ = {
			isa = PBXFrameworksBuildPhase;
			buildActionMask = 2147483647;
			files = (
			);
			runOnlyForDeploymentPostprocessing = 0;
		};
		8605D73D1B3A709500FFA88B /* Frameworks */ = {
			isa = PBXFrameworksBuildPhase;
			buildActionMask = 2147483647;
			files = (
			);
			runOnlyForDeploymentPostprocessing = 0;
		};
/* End PBXFrameworksBuildPhase section */

/* Begin PBXGroup section */
		8605D7221B3A709400FFA88B = {
			isa = PBXGroup;
			children = (
				8605D72D1B3A709400FFA88B /* AKAsyncImagesTableCollection-Swift */,
				8605D7431B3A709500FFA88B /* AKAsyncImagesTableCollection-SwiftTests */,
				8605D72C1B3A709400FFA88B /* Products */,
			);
			sourceTree = "<group>";
		};
		8605D72C1B3A709400FFA88B /* Products */ = {
			isa = PBXGroup;
			children = (
				8605D72B1B3A709400FFA88B /* AKAsyncImagesTableCollection-Swift.app */,
				8605D7401B3A709500FFA88B /* AKAsyncImagesTableCollection-SwiftTests.xctest */,
			);
			name = Products;
			sourceTree = "<group>";
		};
		8605D72D1B3A709400FFA88B /* AKAsyncImagesTableCollection-Swift */ = {
			isa = PBXGroup;
			children = (
				8605D7501B3A710400FFA88B /* Controller */,
				8605D7531B3A710400FFA88B /* Modal */,
				8605D7561B3A710400FFA88B /* View */,
				8605D7301B3A709400FFA88B /* AppDelegate.swift */,
				8605D7341B3A709400FFA88B /* Main.storyboard */,
				8605D7371B3A709400FFA88B /* Images.xcassets */,
				8605D7391B3A709400FFA88B /* LaunchScreen.xib */,
				8605D72E1B3A709400FFA88B /* Supporting Files */,
			);
			path = "AKAsyncImagesTableCollection-Swift";
			sourceTree = "<group>";
		};
		8605D72E1B3A709400FFA88B /* Supporting Files */ = {
			isa = PBXGroup;
			children = (
				8605D72F1B3A709400FFA88B /* Info.plist */,
			);
			name = "Supporting Files";
			sourceTree = "<group>";
		};
		8605D7431B3A709500FFA88B /* AKAsyncImagesTableCollection-SwiftTests */ = {
			isa = PBXGroup;
			children = (
				8605D7461B3A709500FFA88B /* AKAsyncImagesTableCollection_SwiftTests.swift */,
				8605D7441B3A709500FFA88B /* Supporting Files */,
			);
			path = "AKAsyncImagesTableCollection-SwiftTests";
			sourceTree = "<group>";
		};
		8605D7441B3A709500FFA88B /* Supporting Files */ = {
			isa = PBXGroup;
			children = (
				8605D7451B3A709500FFA88B /* Info.plist */,
			);
			name = "Supporting Files";
			sourceTree = "<group>";
		};
		8605D7501B3A710400FFA88B /* Controller */ = {
			isa = PBXGroup;
			children = (
				8605D7511B3A710400FFA88B /* AKCollectionViewController.swift */,
				8605D7521B3A710400FFA88B /* AKTableViewController.swift */,
			);
			path = Controller;
			sourceTree = "<group>";
		};
		8605D7531B3A710400FFA88B /* Modal */ = {
			isa = PBXGroup;
			children = (
				8605D7541B3A710400FFA88B /* Client */,
			);
			path = Modal;
			sourceTree = "<group>";
		};
		8605D7541B3A710400FFA88B /* Client */ = {
			isa = PBXGroup;
			children = (
				8605D7551B3A710400FFA88B /* AKClient.swift */,
			);
			path = Client;
			sourceTree = "<group>";
		};
		8605D7561B3A710400FFA88B /* View */ = {
			isa = PBXGroup;
			children = (
				8605D7571B3A710400FFA88B /* Cell */,
			);
			path = View;
			sourceTree = "<group>";
		};
		8605D7571B3A710400FFA88B /* Cell */ = {
			isa = PBXGroup;
			children = (
				8605D7581B3A710400FFA88B /* AKImagesCollectionViewCell.swift */,
				8605D7591B3A710400FFA88B /* AKImagesTableViewCell.swift */,
			);
			path = Cell;
			sourceTree = "<group>";
		};
/* End PBXGroup section */

/* Begin PBXNativeTarget section */
		8605D72A1B3A709400FFA88B /* AKAsyncImagesTableCollection-Swift */ = {
			isa = PBXNativeTarget;
			buildConfigurationList = 8605D74A1B3A709500FFA88B /* Build configuration list for PBXNativeTarget "AKAsyncImagesTableCollection-Swift" */;
			buildPhases = (
				8605D7271B3A709400FFA88B /* Sources */,
				8605D7281B3A709400FFA88B /* Frameworks */,
				8605D7291B3A709400FFA88B /* Resources */,
			);
			buildRules = (
			);
			dependencies = (
			);
			name = "AKAsyncImagesTableCollection-Swift";
			productName = "AKAsyncImagesTableCollection-Swift";
			productReference = 8605D72B1B3A709400FFA88B /* AKAsyncImagesTableCollection-Swift.app */;
			productType = "com.apple.product-type.application";
		};
		8605D73F1B3A709500FFA88B /* AKAsyncImagesTableCollection-SwiftTests */ = {
			isa = PBXNativeTarget;
			buildConfigurationList = 8605D74D1B3A709500FFA88B /* Build configuration list for PBXNativeTarget "AKAsyncImagesTableCollection-SwiftTests" */;
			buildPhases = (
				8605D73C1B3A709500FFA88B /* Sources */,
				8605D73D1B3A709500FFA88B /* Frameworks */,
				8605D73E1B3A709500FFA88B /* Resources */,
			);
			buildRules = (
			);
			dependencies = (
				8605D7421B3A709500FFA88B /* PBXTargetDependency */,
			);
			name = "AKAsyncImagesTableCollection-SwiftTests";
			productName = "AKAsyncImagesTableCollection-SwiftTests";
			productReference = 8605D7401B3A709500FFA88B /* AKAsyncImagesTableCollection-SwiftTests.xctest */;
			productType = "com.apple.product-type.bundle.unit-test";
		};
/* End PBXNativeTarget section */

/* Begin PBXProject section */
		8605D7231B3A709400FFA88B /* Project object */ = {
			isa = PBXProject;
			attributes = {
				LastUpgradeCheck = 0630;
				ORGANIZATIONNAME = "Arafat Khan";
				TargetAttributes = {
					8605D72A1B3A709400FFA88B = {
						CreatedOnToolsVersion = 6.3.2;
					};
					8605D73F1B3A709500FFA88B = {
						CreatedOnToolsVersion = 6.3.2;
						TestTargetID = 8605D72A1B3A709400FFA88B;
					};
				};
			};
			buildConfigurationList = 8605D7261B3A709400FFA88B /* Build configuration list for PBXProject "AKAsyncImagesTableCollection-Swift" */;
			compatibilityVersion = "Xcode 3.2";
			developmentRegion = English;
			hasScannedForEncodings = 0;
			knownRegions = (
				en,
				Base,
			);
			mainGroup = 8605D7221B3A709400FFA88B;
			productRefGroup = 8605D72C1B3A709400FFA88B /* Products */;
			projectDirPath = "";
			projectRoot = "";
			targets = (
				8605D72A1B3A709400FFA88B /* AKAsyncImagesTableCollection-Swift */,
				8605D73F1B3A709500FFA88B /* AKAsyncImagesTableCollection-SwiftTests */,
			);
		};
/* End PBXProject section */

/* Begin PBXResourcesBuildPhase section */
		8605D7291B3A709400FFA88B /* Resources */ = {
			isa = PBXResourcesBuildPhase;
			buildActionMask = 2147483647;
			files = (
				8605D7361B3A709400FFA88B /* Main.storyboard in Resources */,
				8605D73B1B3A709400FFA88B /* LaunchScreen.xib in Resources */,
				8605D7381B3A709400FFA88B /* Images.xcassets in Resources */,
			);
			runOnlyForDeploymentPostprocessing = 0;
		};
		8605D73E1B3A709500FFA88B /* Resources */ = {
			isa = PBXResourcesBuildPhase;
			buildActionMask = 2147483647;
			files = (
			);
			runOnlyForDeploymentPostprocessing = 0;
		};
/* End PBXResourcesBuildPhase section */

/* Begin PBXSourcesBuildPhase section */
		8605D7271B3A709400FFA88B /* Sources */ = {
			isa = PBXSourcesBuildPhase;
			buildActionMask = 2147483647;
			files = (
				8605D75C1B3A710400FFA88B /* AKClient.swift in Sources */,
				8605D75D1B3A710400FFA88B /* AKImagesCollectionViewCell.swift in Sources */,
				8605D75B1B3A710400FFA88B /* AKTableViewController.swift in Sources */,
				8605D75E1B3A710400FFA88B /* AKImagesTableViewCell.swift in Sources */,
				8605D75A1B3A710400FFA88B /* AKCollectionViewController.swift in Sources */,
				8605D7311B3A709400FFA88B /* AppDelegate.swift in Sources */,
			);
			runOnlyForDeploymentPostprocessing = 0;
		};
		8605D73C1B3A709500FFA88B /* Sources */ = {
			isa = PBXSourcesBuildPhase;
			buildActionMask = 2147483647;
			files = (
				8605D7471B3A709500FFA88B /* AKAsyncImagesTableCollection_SwiftTests.swift in Sources */,
			);
			runOnlyForDeploymentPostprocessing = 0;
		};
/* End PBXSourcesBuildPhase section */

/* Begin PBXTargetDependency section */
		8605D7421B3A709500FFA88B /* PBXTargetDependency */ = {
			isa = PBXTargetDependency;
			target = 8605D72A1B3A709400FFA88B /* AKAsyncImagesTableCollection-Swift */;
			targetProxy = 8605D7411B3A709500FFA88B /* PBXContainerItemProxy */;
		};
/* End PBXTargetDependency section */

/* Begin PBXVariantGroup section */
		8605D7341B3A709400FFA88B /* Main.storyboard */ = {
			isa = PBXVariantGroup;
			children = (
				8605D7351B3A709400FFA88B /* Base */,
			);
			name = Main.storyboard;
			sourceTree = "<group>";
		};
		8605D7391B3A709400FFA88B /* LaunchScreen.xib */ = {
			isa = PBXVariantGroup;
			children = (
				8605D73A1B3A709400FFA88B /* Base */,
			);
			name = LaunchScreen.xib;
			sourceTree = "<group>";
		};
/* End PBXVariantGroup section */

/* Begin XCBuildConfiguration section */
		8605D7481B3A709500FFA88B /* Debug */ = {
			isa = XCBuildConfiguration;
			buildSettings = {
				ALWAYS_SEARCH_USER_PATHS = NO;
				CLANG_CXX_LANGUAGE_STANDARD = "gnu++0x";
				CLANG_CXX_LIBRARY = "libc++";
				CLANG_ENABLE_MODULES = YES;
				CLANG_ENABLE_OBJC_ARC = YES;
				CLANG_WARN_BOOL_CONVERSION = YES;
				CLANG_WARN_CONSTANT_CONVERSION = YES;
				CLANG_WARN_DIRECT_OBJC_ISA_USAGE = YES_ERROR;
				CLANG_WARN_EMPTY_BODY = YES;
				CLANG_WARN_ENUM_CONVERSION = YES;
				CLANG_WARN_INT_CONVERSION = YES;
				CLANG_WARN_OBJC_ROOT_CLASS = YES_ERROR;
				CLANG_WARN_UNREACHABLE_CODE = YES;
				CLANG_WARN__DUPLICATE_METHOD_MATCH = YES;
				"CODE_SIGN_IDENTITY[sdk=iphoneos*]" = "iPhone Developer";
				COPY_PHASE_STRIP = NO;
				DEBUG_INFORMATION_FORMAT = "dwarf-with-dsym";
				ENABLE_STRICT_OBJC_MSGSEND = YES;
				GCC_C_LANGUAGE_STANDARD = gnu99;
				GCC_DYNAMIC_NO_PIC = NO;
				GCC_NO_COMMON_BLOCKS = YES;
				GCC_OPTIMIZATION_LEVEL = 0;
				GCC_PREPROCESSOR_DEFINITIONS = (
					"DEBUG=1",
					"$(inherited)",
				);
				GCC_SYMBOLS_PRIVATE_EXTERN = NO;
				GCC_WARN_64_TO_32_BIT_CONVERSION = YES;
				GCC_WARN_ABOUT_RETURN_TYPE = YES_ERROR;
				GCC_WARN_UNDECLARED_SELECTOR = YES;
				GCC_WARN_UNINITIALIZED_AUTOS = YES_AGGRESSIVE;
				GCC_WARN_UNUSED_FUNCTION = YES;
				GCC_WARN_UNUSED_VARIABLE = YES;
				IPHONEOS_DEPLOYMENT_TARGET = 8.3;
				MTL_ENABLE_DEBUG_INFO = YES;
				ONLY_ACTIVE_ARCH = YES;
				SDKROOT = iphoneos;
				SWIFT_OPTIMIZATION_LEVEL = "-Onone";
				TARGETED_DEVICE_FAMILY = "1,2";
			};
			name = Debug;
		};
		8605D7491B3A709500FFA88B /* Release */ = {
			isa = XCBuildConfiguration;
			buildSettings = {
				ALWAYS_SEARCH_USER_PATHS = NO;
				CLANG_CXX_LANGUAGE_STANDARD = "gnu++0x";
				CLANG_CXX_LIBRARY = "libc++";
				CLANG_ENABLE_MODULES = YES;
				CLANG_ENABLE_OBJC_ARC = YES;
				CLANG_WARN_BOOL_CONVERSION = YES;
				CLANG_WARN_CONSTANT_CONVERSION = YES;
				CLANG_WARN_DIRECT_OBJC_ISA_USAGE = YES_ERROR;
				CLANG_WARN_EMPTY_BODY = YES;
				CLANG_WARN_ENUM_CONVERSION = YES;
				CLANG_WARN_INT_CONVERSION = YES;
				CLANG_WARN_OBJC_ROOT_CLASS = YES_ERROR;
				CLANG_WARN_UNREACHABLE_CODE = YES;
				CLANG_WARN__DUPLICATE_METHOD_MATCH = YES;
				"CODE_SIGN_IDENTITY[sdk=iphoneos*]" = "iPhone Developer";
				COPY_PHASE_STRIP = NO;
				DEBUG_INFORMATION_FORMAT = "dwarf-with-dsym";
				ENABLE_NS_ASSERTIONS = NO;
				ENABLE_STRICT_OBJC_MSGSEND = YES;
				GCC_C_LANGUAGE_STANDARD = gnu99;
				GCC_NO_COMMON_BLOCKS = YES;
				GCC_WARN_64_TO_32_BIT_CONVERSION = YES;
				GCC_WARN_ABOUT_RETURN_TYPE = YES_ERROR;
				GCC_WARN_UNDECLARED_SELECTOR = YES;
				GCC_WARN_UNINITIALIZED_AUTOS = YES_AGGRESSIVE;
				GCC_WARN_UNUSED_FUNCTION = YES;
				GCC_WARN_UNUSED_VARIABLE = YES;
				IPHONEOS_DEPLOYMENT_TARGET = 8.3;
				MTL_ENABLE_DEBUG_INFO = NO;
				SDKROOT = iphoneos;
				TARGETED_DEVICE_FAMILY = "1,2";
				VALIDATE_PRODUCT = YES;
			};
			name = Release;
		};
		8605D74B1B3A709500FFA88B /* Debug */ = {
			isa = XCBuildConfiguration;
			buildSettings = {
				ASSETCATALOG_COMPILER_APPICON_NAME = AppIcon;
				INFOPLIST_FILE = "AKAsyncImagesTableCollection-Swift/Info.plist";
				LD_RUNPATH_SEARCH_PATHS = "$(inherited) @executable_path/Frameworks";
				PRODUCT_NAME = "$(TARGET_NAME)";
			};
			name = Debug;
		};
		8605D74C1B3A709500FFA88B /* Release */ = {
			isa = XCBuildConfiguration;
			buildSettings = {
				ASSETCATALOG_COMPILER_APPICON_NAME = AppIcon;
				INFOPLIST_FILE = "AKAsyncImagesTableCollection-Swift/Info.plist";
				LD_RUNPATH_SEARCH_PATHS = "$(inherited) @executable_path/Frameworks";
				PRODUCT_NAME = "$(TARGET_NAME)";
			};
			name = Release;
		};
		8605D74E1B3A709500FFA88B /* Debug */ = {
			isa = XCBuildConfiguration;
			buildSettings = {
				BUNDLE_LOADER = "$(TEST_HOST)";
				FRAMEWORK_SEARCH_PATHS = (
					"$(SDKROOT)/Developer/Library/Frameworks",
					"$(inherited)",
				);
				GCC_PREPROCESSOR_DEFINITIONS = (
					"DEBUG=1",
					"$(inherited)",
				);
				INFOPLIST_FILE = "AKAsyncImagesTableCollection-SwiftTests/Info.plist";
				LD_RUNPATH_SEARCH_PATHS = "$(inherited) @executable_path/Frameworks @loader_path/Frameworks";
				PRODUCT_NAME = "$(TARGET_NAME)";
				TEST_HOST = "$(BUILT_PRODUCTS_DIR)/AKAsyncImagesTableCollection-Swift.app/AKAsyncImagesTableCollection-Swift";
			};
			name = Debug;
		};
		8605D74F1B3A709500FFA88B /* Release */ = {
			isa = XCBuildConfiguration;
			buildSettings = {
				BUNDLE_LOADER = "$(TEST_HOST)";
				FRAMEWORK_SEARCH_PATHS = (
					"$(SDKROOT)/Developer/Library/Frameworks",
					"$(inherited)",
				);
				INFOPLIST_FILE = "AKAsyncImagesTableCollection-SwiftTests/Info.plist";
				LD_RUNPATH_SEARCH_PATHS = "$(inherited) @executable_path/Frameworks @loader_path/Frameworks";
				PRODUCT_NAME = "$(TARGET_NAME)";
				TEST_HOST = "$(BUILT_PRODUCTS_DIR)/AKAsyncImagesTableCollection-Swift.app/AKAsyncImagesTableCollection-Swift";
			};
			name = Release;
		};
/* End XCBuildConfiguration section */

/* Begin XCConfigurationList section */
		8605D7261B3A709400FFA88B /* Build configuration list for PBXProject "AKAsyncImagesTableCollection-Swift" */ = {
			isa = XCConfigurationList;
			buildConfigurations = (
				8605D7481B3A709500FFA88B /* Debug */,
				8605D7491B3A709500FFA88B /* Release */,
			);
			defaultConfigurationIsVisible = 0;
			defaultConfigurationName = Release;
		};
		8605D74A1B3A709500FFA88B /* Build configuration list for PBXNativeTarget "AKAsyncImagesTableCollection-Swift" */ = {
			isa = XCConfigurationList;
			buildConfigurations = (
				8605D74B1B3A709500FFA88B /* Debug */,
				8605D74C1B3A709500FFA88B /* Release */,
			);
			defaultConfigurationIsVisible = 0;
		};
		8605D74D1B3A709500FFA88B /* Build configuration list for PBXNativeTarget "AKAsyncImagesTableCollection-SwiftTests" */ = {
			isa = XCConfigurationList;
			buildConfigurations = (
				8605D74E1B3A709500FFA88B /* Debug */,
				8605D74F1B3A709500FFA88B /* Release */,
			);
			defaultConfigurationIsVisible = 0;
		};
/* End XCConfigurationList section */
	};
	rootObject = 8605D7231B3A709400FFA88B /* Project object */;
}
